{
  "name": "filetask",
  "lockfileVersion": 3,
  "requires": true,
  "packages": {
    "": {
      "dependencies": {
        "@dhx/trial-gridpack": "^9.3.1"
      }
    },
    "node_modules/@dhx/trial-gridpack": {
      "version": "9.3.1",
      "resolved": "https://npm.dhtmlx.com/@dhx%2ftrial-gridpack/-/trial-gridpack-9.3.1.tgz",
      "integrity": "sha512-BpYxD+7nil0qFFc15IexCBGsfN2E+kTXX0EZuJubBs92mWUi4LjBzwZDbzBpzOLi13ZfWUGzyUvGH03Xj0qpBw==",
      "license": "SEE LICENSE IN license.txt"
    }
  }
}
